
Microsoft Visual Studio Solution File, Format Version 12.00
Project("{FAE04EC0-301F-11D3-BF4B-00C04F79EFBC}") = "M2CombinationalLogicII", "M2CombinationalLogicII\M2CombinationalLogicII.csproj", "{BE23EE90-9A34-45DE-A1C9-24C0B3888B4D}"
EndProject
Global
	GlobalSection(SolutionConfigurationPlatforms) = preSolution
		Debug|Any CPU = Debug|Any CPU
		Release|Any CPU = Release|Any CPU
	EndGlobalSection
	GlobalSection(ProjectConfigurationPlatforms) = postSolution
		{BE23EE90-9A34-45DE-A1C9-24C0B3888B4D}.Debug|Any CPU.ActiveCfg = Debug|Any CPU
		{BE23EE90-9A34-45DE-A1C9-24C0B3888B4D}.Debug|Any CPU.Build.0 = Debug|Any CPU
		{BE23EE90-9A34-45DE-A1C9-24C0B3888B4D}.Release|Any CPU.ActiveCfg = Release|Any CPU
		{BE23EE90-9A34-45DE-A1C9-24C0B3888B4D}.Release|Any CPU.Build.0 = Release|Any CPU
	EndGlobalSection
EndGlobal
